
Microsoft Visual Studio Solution File, Format Version 12.00
# Visual Studio Version 16
VisualStudioVersion = 16.0.29920.165
MinimumVisualStudioVersion = 10.0.40219.1
Project("{9A19103F-16F7-4668-BE54-9A1E7A4F7556}") = "HotBag.AspNetCore.WebPrintService", "PrinterService\HotBag.AspNetCore.WebPrintService.csproj", "{EBD9451E-D07F-4F0C-BE31-0C33652EA9C9}"
EndProject
Project("{9A19103F-16F7-4668-BE54-9A1E7A4F7556}") = "HotBag.AspNetCore.PrinterServiceManager", "PrinterServiceManager\HotBag.AspNetCore.PrinterServiceManager.csproj", "{AB0E5CEE-1672-4A21-9917-046F51F6B0FB}"
EndProject
Project("{9A19103F-16F7-4668-BE54-9A1E7A4F7556}") = "WebApp", "WebApplication\WebApp.csproj", "{08680F92-B51B-4725-9C5E-585444A423D8}"
EndProject
Global
	GlobalSection(SolutionConfigurationPlatforms) = preSolution
		Debug|Any CPU = Debug|Any CPU
		Release|Any CPU = Release|Any CPU
	EndGlobalSection
	GlobalSection(ProjectConfigurationPlatforms) = postSolution
		{EBD9451E-D07F-4F0C-BE31-0C33652EA9C9}.Debug|Any CPU.ActiveCfg = Debug|Any CPU
		{EBD9451E-D07F-4F0C-BE31-0C33652EA9C9}.Debug|Any CPU.Build.0 = Debug|Any CPU
		{EBD9451E-D07F-4F0C-BE31-0C33652EA9C9}.Release|Any CPU.ActiveCfg = Release|Any CPU
		{EBD9451E-D07F-4F0C-BE31-0C33652EA9C9}.Release|Any CPU.Build.0 = Release|Any CPU
		{AB0E5CEE-1672-4A21-9917-046F51F6B0FB}.Debug|Any CPU.ActiveCfg = Debug|Any CPU
		{AB0E5CEE-1672-4A21-9917-046F51F6B0FB}.Debug|Any CPU.Build.0 = Debug|Any CPU
		{AB0E5CEE-1672-4A21-9917-046F51F6B0FB}.Release|Any CPU.ActiveCfg = Release|Any CPU
		{AB0E5CEE-1672-4A21-9917-046F51F6B0FB}.Release|Any CPU.Build.0 = Release|Any CPU
		{08680F92-B51B-4725-9C5E-585444A423D8}.Debug|Any CPU.ActiveCfg = Debug|Any CPU
		{08680F92-B51B-4725-9C5E-585444A423D8}.Debug|Any CPU.Build.0 = Debug|Any CPU
		{08680F92-B51B-4725-9C5E-585444A423D8}.Release|Any CPU.ActiveCfg = Release|Any CPU
		{08680F92-B51B-4725-9C5E-585444A423D8}.Release|Any CPU.Build.0 = Release|Any CPU
	EndGlobalSection
	GlobalSection(SolutionProperties) = preSolution
		HideSolutionNode = FALSE
	EndGlobalSection
	GlobalSection(ExtensibilityGlobals) = postSolution
		SolutionGuid = {1E0FD733-C0B5-4517-A29D-039D8F7EFE04}
	EndGlobalSection
EndGlobal
